
Microsoft Visual Studio Solution File, Format Version 12.00
# Visual Studio Version 17
VisualStudioVersion = 17.3.32825.248
MinimumVisualStudioVersion = 10.0.40219.1
Project("{FAE04EC0-301F-11D3-BF4B-00C04F79EFBC}") = "POC.GoldenRaspberryAwards.API", "POC.GoldenRaspberryAwards.API\POC.GoldenRaspberryAwards.API.csproj", "{6AEAC8B7-2842-4C4A-8548-69BAD3D473CA}"
EndProject
Global
	GlobalSection(SolutionConfigurationPlatforms) = preSolution
		Debug|Any CPU = Debug|Any CPU
		Release|Any CPU = Release|Any CPU
	EndGlobalSection
	GlobalSection(ProjectConfigurationPlatforms) = postSolution
		{6AEAC8B7-2842-4C4A-8548-69BAD3D473CA}.Debug|Any CPU.ActiveCfg = Debug|Any CPU
		{6AEAC8B7-2842-4C4A-8548-69BAD3D473CA}.Debug|Any CPU.Build.0 = Debug|Any CPU
		{6AEAC8B7-2842-4C4A-8548-69BAD3D473CA}.Release|Any CPU.ActiveCfg = Release|Any CPU
		{6AEAC8B7-2842-4C4A-8548-69BAD3D473CA}.Release|Any CPU.Build.0 = Release|Any CPU
	EndGlobalSection
	GlobalSection(SolutionProperties) = preSolution
		HideSolutionNode = FALSE
	EndGlobalSection
	GlobalSection(ExtensibilityGlobals) = postSolution
		SolutionGuid = {A2FF96BB-C547-40A3-8422-B12374491038}
	EndGlobalSection
EndGlobal
